
Microsoft Visual Studio Solution File, Format Version 12.00
# Visual Studio Version 17
VisualStudioVersion = 17.3.32819.101
MinimumVisualStudioVersion = 10.0.40219.1
Project("{FAE04EC0-301F-11D3-BF4B-00C04F79EFBC}") = "Ch7StudioFunWithQuestions", "Ch7StudioFunWithQuestions\Ch7StudioFunWithQuestions.csproj", "{3EEB0097-9226-412C-9F66-6453FF587293}"
EndProject
Global
	GlobalSection(SolutionConfigurationPlatforms) = preSolution
		Debug|Any CPU = Debug|Any CPU
		Release|Any CPU = Release|Any CPU
	EndGlobalSection
	GlobalSection(ProjectConfigurationPlatforms) = postSolution
		{3EEB0097-9226-412C-9F66-6453FF587293}.Debug|Any CPU.ActiveCfg = Debug|Any CPU
		{3EEB0097-9226-412C-9F66-6453FF587293}.Debug|Any CPU.Build.0 = Debug|Any CPU
		{3EEB0097-9226-412C-9F66-6453FF587293}.Release|Any CPU.ActiveCfg = Release|Any CPU
		{3EEB0097-9226-412C-9F66-6453FF587293}.Release|Any CPU.Build.0 = Release|Any CPU
	EndGlobalSection
	GlobalSection(SolutionProperties) = preSolution
		HideSolutionNode = FALSE
	EndGlobalSection
	GlobalSection(ExtensibilityGlobals) = postSolution
		SolutionGuid = {F5E434D8-F728-419B-8548-48F3BEB42162}
	EndGlobalSection
EndGlobal
